
Microsoft Visual Studio Solution File, Format Version 12.00
# Visual Studio Version 16
VisualStudioVersion = 16.0.30621.155
MinimumVisualStudioVersion = 10.0.40219.1
Project("{FAE04EC0-301F-11D3-BF4B-00C04F79EFBC}") = "CoreCodeCamp.API", "CoreCodeCamp.API\CoreCodeCamp.API.csproj", "{DA92002E-61E8-449B-823F-B360345DD90F}"
EndProject
Global
	GlobalSection(SolutionConfigurationPlatforms) = preSolution
		Debug|Any CPU = Debug|Any CPU
		Release|Any CPU = Release|Any CPU
	EndGlobalSection
	GlobalSection(ProjectConfigurationPlatforms) = postSolution
		{DA92002E-61E8-449B-823F-B360345DD90F}.Debug|Any CPU.ActiveCfg = Debug|Any CPU
		{DA92002E-61E8-449B-823F-B360345DD90F}.Debug|Any CPU.Build.0 = Debug|Any CPU
		{DA92002E-61E8-449B-823F-B360345DD90F}.Release|Any CPU.ActiveCfg = Release|Any CPU
		{DA92002E-61E8-449B-823F-B360345DD90F}.Release|Any CPU.Build.0 = Release|Any CPU
	EndGlobalSection
	GlobalSection(SolutionProperties) = preSolution
		HideSolutionNode = FALSE
	EndGlobalSection
	GlobalSection(ExtensibilityGlobals) = postSolution
		SolutionGuid = {D96924C5-115E-48B7-B8F6-D7CC393F3484}
	EndGlobalSection
EndGlobal
